
Microsoft Visual Studio Solution File, Format Version 12.00
# Visual Studio Version 17
VisualStudioVersion = 17.4.33213.308
MinimumVisualStudioVersion = 10.0.40219.1
Project("{FAE04EC0-301F-11D3-BF4B-00C04F79EFBC}") = "Placement.Portal.Skillup", "Placement.Portal.Skillup.csproj", "{B13AAD83-FC26-4190-946B-2D6DBD057A2B}"
EndProject
Global
	GlobalSection(SolutionConfigurationPlatforms) = preSolution
		Debug|Any CPU = Debug|Any CPU
		Release|Any CPU = Release|Any CPU
	EndGlobalSection
	GlobalSection(ProjectConfigurationPlatforms) = postSolution
		{B13AAD83-FC26-4190-946B-2D6DBD057A2B}.Debug|Any CPU.ActiveCfg = Debug|Any CPU
		{B13AAD83-FC26-4190-946B-2D6DBD057A2B}.Debug|Any CPU.Build.0 = Debug|Any CPU
		{B13AAD83-FC26-4190-946B-2D6DBD057A2B}.Release|Any CPU.ActiveCfg = Release|Any CPU
		{B13AAD83-FC26-4190-946B-2D6DBD057A2B}.Release|Any CPU.Build.0 = Release|Any CPU
	EndGlobalSection
	GlobalSection(SolutionProperties) = preSolution
		HideSolutionNode = FALSE
	EndGlobalSection
	GlobalSection(ExtensibilityGlobals) = postSolution
		SolutionGuid = {C8A8DC8B-79D0-4510-B12F-558D1A8C108C}
	EndGlobalSection
EndGlobal
